
Microsoft Visual Studio Solution File, Format Version 12.00
# Visual Studio Version 17
VisualStudioVersion = 17.3.32929.385
MinimumVisualStudioVersion = 10.0.40219.1
Project("{9A19103F-16F7-4668-BE54-9A1E7A4F7556}") = "MVVM", "WPF HomeWork 14 (MVVM)\MVVM.csproj", "{ED1F5B12-84B2-4F1A-B3A4-0F1C401B0992}"
EndProject
Global
	GlobalSection(SolutionConfigurationPlatforms) = preSolution
		Debug|Any CPU = Debug|Any CPU
		Release|Any CPU = Release|Any CPU
	EndGlobalSection
	GlobalSection(ProjectConfigurationPlatforms) = postSolution
		{ED1F5B12-84B2-4F1A-B3A4-0F1C401B0992}.Debug|Any CPU.ActiveCfg = Debug|Any CPU
		{ED1F5B12-84B2-4F1A-B3A4-0F1C401B0992}.Debug|Any CPU.Build.0 = Debug|Any CPU
		{ED1F5B12-84B2-4F1A-B3A4-0F1C401B0992}.Release|Any CPU.ActiveCfg = Release|Any CPU
		{ED1F5B12-84B2-4F1A-B3A4-0F1C401B0992}.Release|Any CPU.Build.0 = Release|Any CPU
	EndGlobalSection
	GlobalSection(SolutionProperties) = preSolution
		HideSolutionNode = FALSE
	EndGlobalSection
	GlobalSection(ExtensibilityGlobals) = postSolution
		SolutionGuid = {7C46A05D-E038-427E-ADA2-A45A93A9508D}
	EndGlobalSection
EndGlobal
